{
  "requires": true,
  "lockfileVersion": 1,
  "dependencies": {
    "@types/uuid": {
      "version": "8.3.0",
      "resolved": "https://registry.npmjs.org/@types/uuid/-/uuid-8.3.0.tgz",
      "integrity": "sha512-eQ9qFW/fhfGJF8WKHGEHZEyVWfZxrT+6CLIJGBcZPfxUh/+BnEj+UCGYMlr9qZuX/2AltsvwrGqp0LhEW8D0zQ=="
    },
    "uuid": {
      "version": "8.3.1",
      "resolved": "https://registry.npmjs.org/uuid/-/uuid-8.3.1.tgz",
      "integrity": "sha512-FOmRr+FmWEIG8uhZv6C2bTgEVXsHk08kE7mPlrBbEe+c3r9pjceVPgupIfNIhc4yx55H69OXANrUaSuu9eInKg=="
    },
    "uuidv4": {
      "version": "6.2.4",
      "resolved": "https://registry.npmjs.org/uuidv4/-/uuidv4-6.2.4.tgz",
      "integrity": "sha512-H6sXuVFXjI0YXX2ItB0ZTJF+qx/W138S0707p1dbrWeb5yzQJhJIfH0dgq0LNFcPaHYM8NSI3r+tlZbfABPNWQ==",
      "requires": {
        "@types/uuid": "8.3.0",
        "uuid": "8.3.1"
      }
    }
  }
}
